
Microsoft Visual Studio Solution File, Format Version 12.00
# Visual Studio Version 17
VisualStudioVersion = 17.3.32922.545
MinimumVisualStudioVersion = 10.0.40219.1
Project("{FAE04EC0-301F-11D3-BF4B-00C04F79EFBC}") = "Task1", "Task1.csproj", "{7BB760EB-2371-4725-8D8C-E38D59D13E31}"
EndProject
Project("{FAE04EC0-301F-11D3-BF4B-00C04F79EFBC}") = "Task2", "Task2\Task2.csproj", "{BB471203-A9AA-4F1C-ADE3-E1AAB49089BC}"
EndProject
Project("{FAE04EC0-301F-11D3-BF4B-00C04F79EFBC}") = "Task3", "Task3\Task3.csproj", "{E00C8C5D-BA70-46F1-A69F-D287A4250964}"
EndProject
Project("{FAE04EC0-301F-11D3-BF4B-00C04F79EFBC}") = "Task4", "Task4\Task4.csproj", "{1B6D88F2-FA02-4CD0-89CA-EB130DBDAF96}"
EndProject
Project("{FAE04EC0-301F-11D3-BF4B-00C04F79EFBC}") = "Task5", "Task5\Task5.csproj", "{93EB5E64-376D-4109-A9F8-D53F1D4AB84C}"
EndProject
Global
	GlobalSection(SolutionConfigurationPlatforms) = preSolution
		Debug|Any CPU = Debug|Any CPU
		Release|Any CPU = Release|Any CPU
	EndGlobalSection
	GlobalSection(ProjectConfigurationPlatforms) = postSolution
		{7BB760EB-2371-4725-8D8C-E38D59D13E31}.Debug|Any CPU.ActiveCfg = Debug|Any CPU
		{7BB760EB-2371-4725-8D8C-E38D59D13E31}.Debug|Any CPU.Build.0 = Debug|Any CPU
		{7BB760EB-2371-4725-8D8C-E38D59D13E31}.Release|Any CPU.ActiveCfg = Release|Any CPU
		{7BB760EB-2371-4725-8D8C-E38D59D13E31}.Release|Any CPU.Build.0 = Release|Any CPU
		{BB471203-A9AA-4F1C-ADE3-E1AAB49089BC}.Debug|Any CPU.ActiveCfg = Debug|Any CPU
		{BB471203-A9AA-4F1C-ADE3-E1AAB49089BC}.Debug|Any CPU.Build.0 = Debug|Any CPU
		{BB471203-A9AA-4F1C-ADE3-E1AAB49089BC}.Release|Any CPU.ActiveCfg = Release|Any CPU
		{BB471203-A9AA-4F1C-ADE3-E1AAB49089BC}.Release|Any CPU.Build.0 = Release|Any CPU
		{E00C8C5D-BA70-46F1-A69F-D287A4250964}.Debug|Any CPU.ActiveCfg = Debug|Any CPU
		{E00C8C5D-BA70-46F1-A69F-D287A4250964}.Debug|Any CPU.Build.0 = Debug|Any CPU
		{E00C8C5D-BA70-46F1-A69F-D287A4250964}.Release|Any CPU.ActiveCfg = Release|Any CPU
		{E00C8C5D-BA70-46F1-A69F-D287A4250964}.Release|Any CPU.Build.0 = Release|Any CPU
		{1B6D88F2-FA02-4CD0-89CA-EB130DBDAF96}.Debug|Any CPU.ActiveCfg = Debug|Any CPU
		{1B6D88F2-FA02-4CD0-89CA-EB130DBDAF96}.Debug|Any CPU.Build.0 = Debug|Any CPU
		{1B6D88F2-FA02-4CD0-89CA-EB130DBDAF96}.Release|Any CPU.ActiveCfg = Release|Any CPU
		{1B6D88F2-FA02-4CD0-89CA-EB130DBDAF96}.Release|Any CPU.Build.0 = Release|Any CPU
		{93EB5E64-376D-4109-A9F8-D53F1D4AB84C}.Debug|Any CPU.ActiveCfg = Debug|Any CPU
		{93EB5E64-376D-4109-A9F8-D53F1D4AB84C}.Debug|Any CPU.Build.0 = Debug|Any CPU
		{93EB5E64-376D-4109-A9F8-D53F1D4AB84C}.Release|Any CPU.ActiveCfg = Release|Any CPU
		{93EB5E64-376D-4109-A9F8-D53F1D4AB84C}.Release|Any CPU.Build.0 = Release|Any CPU
	EndGlobalSection
	GlobalSection(SolutionProperties) = preSolution
		HideSolutionNode = FALSE
	EndGlobalSection
	GlobalSection(ExtensibilityGlobals) = postSolution
		SolutionGuid = {F7E65470-513B-4B1A-88C2-89B44E3AC51D}
	EndGlobalSection
EndGlobal
